// !$*UTF8*$!
{
	archiveVersion = 1;
	classes = {
	};
	objectVersion = 56;
	objects = {

/* Begin PBXBuildFile section */
		299ACFC72A193E0D003A7AFE /* TwoD_SearchApp.swift in Sources */ = {isa = PBXBuildFile; fileRef = 299ACFC62A193E0D003A7AFE /* TwoD_SearchApp.swift */; };
		299ACFCB2A193E0E003A7AFE /* Assets.xcassets in Resources */ = {isa = PBXBuildFile; fileRef = 299ACFCA2A193E0E003A7AFE /* Assets.xcassets */; };
		299ACFCE2A193E0E003A7AFE /* Preview Assets.xcassets in Resources */ = {isa = PBXBuildFile; fileRef = 299ACFCD2A193E0E003A7AFE /* Preview Assets.xcassets */; };
		299ACFD92A193E23003A7AFE /* AppData.swift in Sources */ = {isa = PBXBuildFile; fileRef = 299ACFD42A193E23003A7AFE /* AppData.swift */; };
		299ACFDA2A193E23003A7AFE /* ContentView.swift in Sources */ = {isa = PBXBuildFile; fileRef = 299ACFD52A193E23003A7AFE /* ContentView.swift */; };
		299ACFDB2A193E23003A7AFE /* Letter.swift in Sources */ = {isa = PBXBuildFile; fileRef = 299ACFD62A193E23003A7AFE /* Letter.swift */; };
		299ACFDC2A193E23003A7AFE /* ViewModel.swift in Sources */ = {isa = PBXBuildFile; fileRef = 299ACFD72A193E23003A7AFE /* ViewModel.swift */; };
		299ACFDD2A193E23003A7AFE /* ContentView+Search.swift in Sources */ = {isa = PBXBuildFile; fileRef = 299ACFD82A193E23003A7AFE /* ContentView+Search.swift */; };
/* End PBXBuildFile section */

/* Begin PBXFileReference section */
		299ACFC32A193E0D003A7AFE /* TwoD Search.app */ = {isa = PBXFileReference; explicitFileType = wrapper.application; includeInIndex = 0; path = "TwoD Search.app"; sourceTree = BUILT_PRODUCTS_DIR; };
		299ACFC62A193E0D003A7AFE /* TwoD_SearchApp.swift */ = {isa = PBXFileReference; lastKnownFileType = sourcecode.swift; path = TwoD_SearchApp.swift; sourceTree = "<group>"; };
		299ACFCA2A193E0E003A7AFE /* Assets.xcassets */ = {isa = PBXFileReference; lastKnownFileType = folder.assetcatalog; path = Assets.xcassets; sourceTree = "<group>"; };
		299ACFCD2A193E0E003A7AFE /* Preview Assets.xcassets */ = {isa = PBXFileReference; lastKnownFileType = folder.assetcatalog; path = "Preview Assets.xcassets"; sourceTree = "<group>"; };
		299ACFD42A193E23003A7AFE /* AppData.swift */ = {isa = PBXFileReference; fileEncoding = 4; lastKnownFileType = sourcecode.swift; path = AppData.swift; sourceTree = "<group>"; };
		299ACFD52A193E23003A7AFE /* ContentView.swift */ = {isa = PBXFileReference; fileEncoding = 4; lastKnownFileType = sourcecode.swift; path = ContentView.swift; sourceTree = "<group>"; };
		299ACFD62A193E23003A7AFE /* Letter.swift */ = {isa = PBXFileReference; fileEncoding = 4; lastKnownFileType = sourcecode.swift; path = Letter.swift; sourceTree = "<group>"; };
		299ACFD72A193E23003A7AFE /* ViewModel.swift */ = {isa = PBXFileReference; fileEncoding = 4; lastKnownFileType = sourcecode.swift; path = ViewModel.swift; sourceTree = "<group>"; };
		299ACFD82A193E23003A7AFE /* ContentView+Search.swift */ = {isa = PBXFileReference; fileEncoding = 4; lastKnownFileType = sourcecode.swift; path = "ContentView+Search.swift"; sourceTree = "<group>"; };
/* End PBXFileReference section */

/* Begin PBXFrameworksBuildPhase section */
		299ACFC02A193E0D003A7AFE /* Frameworks */ = {
			isa = PBXFrameworksBuildPhase;
			buildActionMask = 2147483647;
			files = (
			);
			runOnlyForDeploymentPostprocessing = 0;
		};
/* End PBXFrameworksBuildPhase section */

/* Begin PBXGroup section */
		299ACFBA2A193E0D003A7AFE = {
			isa = PBXGroup;
			children = (
				299ACFC52A193E0D003A7AFE /* TwoD Search */,
				299ACFC42A193E0D003A7AFE /* Products */,
			);
			sourceTree = "<group>";
		};
		299ACFC42A193E0D003A7AFE /* Products */ = {
			isa = PBXGroup;
			children = (
				299ACFC32A193E0D003A7AFE /* TwoD Search.app */,
			);
			name = Products;
			sourceTree = "<group>";
		};
		299ACFC52A193E0D003A7AFE /* TwoD Search */ = {
			isa = PBXGroup;
			children = (
				299ACFC62A193E0D003A7AFE /* TwoD_SearchApp.swift */,
				299ACFD42A193E23003A7AFE /* AppData.swift */,
				299ACFD52A193E23003A7AFE /* ContentView.swift */,
				299ACFD82A193E23003A7AFE /* ContentView+Search.swift */,
				299ACFD62A193E23003A7AFE /* Letter.swift */,
				299ACFD72A193E23003A7AFE /* ViewModel.swift */,
				299ACFCA2A193E0E003A7AFE /* Assets.xcassets */,
				299ACFCC2A193E0E003A7AFE /* Preview Content */,
			);
			path = "TwoD Search";
			sourceTree = "<group>";
		};
		299ACFCC2A193E0E003A7AFE /* Preview Content */ = {
			isa = PBXGroup;
			children = (
				299ACFCD2A193E0E003A7AFE /* Preview Assets.xcassets */,
			);
			path = "Preview Content";
			sourceTree = "<group>";
		};
/* End PBXGroup section */

/* Begin PBXNativeTarget section */
		299ACFC22A193E0D003A7AFE /* TwoD Search */ = {
			isa = PBXNativeTarget;
			buildConfigurationList = 299ACFD12A193E0E003A7AFE /* Build configuration list for PBXNativeTarget "TwoD Search" */;
			buildPhases = (
				299ACFBF2A193E0D003A7AFE /* Sources */,
				299ACFC02A193E0D003A7AFE /* Frameworks */,
				299ACFC12A193E0D003A7AFE /* Resources */,
			);
			buildRules = (
			);
			dependencies = (
			);
			name = "TwoD Search";
			productName = "TwoD Search";
			productReference = 299ACFC32A193E0D003A7AFE /* TwoD Search.app */;
			productType = "com.apple.product-type.application";
		};
/* End PBXNativeTarget section */

/* Begin PBXProject section */
		299ACFBB2A193E0D003A7AFE /* Project object */ = {
			isa = PBXProject;
			attributes = {
				BuildIndependentTargetsInParallel = 1;
				LastSwiftUpdateCheck = 1420;
				LastUpgradeCheck = 1420;
				TargetAttributes = {
					299ACFC22A193E0D003A7AFE = {
						CreatedOnToolsVersion = 14.2;
					};
				};
			};
			buildConfigurationList = 299ACFBE2A193E0D003A7AFE /* Build configuration list for PBXProject "TwoD Search" */;
			compatibilityVersion = "Xcode 14.0";
			developmentRegion = en;
			hasScannedForEncodings = 0;
			knownRegions = (
				en,
				Base,
			);
			mainGroup = 299ACFBA2A193E0D003A7AFE;
			productRefGroup = 299ACFC42A193E0D003A7AFE /* Products */;
			projectDirPath = "";
			projectRoot = "";
			targets = (
				299ACFC22A193E0D003A7AFE /* TwoD Search */,
			);
		};
/* End PBXProject section */

/* Begin PBXResourcesBuildPhase section */
		299ACFC12A193E0D003A7AFE /* Resources */ = {
			isa = PBXResourcesBuildPhase;
			buildActionMask = 2147483647;
			files = (
				299ACFCE2A193E0E003A7AFE /* Preview Assets.xcassets in Resources */,
				299ACFCB2A193E0E003A7AFE /* Assets.xcassets in Resources */,
			);
			runOnlyForDeploymentPostprocessing = 0;
		};
/* End PBXResourcesBuildPhase section */

/* Begin PBXSourcesBuildPhase section */
		299ACFBF2A193E0D003A7AFE /* Sources */ = {
			isa = PBXSourcesBuildPhase;
			buildActionMask = 2147483647;
			files = (
				299ACFDC2A193E23003A7AFE /* ViewModel.swift in Sources */,
				299ACFC72A193E0D003A7AFE /* TwoD_SearchApp.swift in Sources */,
				299ACFDD2A193E23003A7AFE /* ContentView+Search.swift in Sources */,
				299ACFD92A193E23003A7AFE /* AppData.swift in Sources */,
				299ACFDA2A193E23003A7AFE /* ContentView.swift in Sources */,
				299ACFDB2A193E23003A7AFE /* Letter.swift in Sources */,
			);
			runOnlyForDeploymentPostprocessing = 0;
		};
/* End PBXSourcesBuildPhase section */

/* Begin XCBuildConfiguration section */
		299ACFCF2A193E0E003A7AFE /* Debug */ = {
			isa = XCBuildConfiguration;
			buildSettings = {
				ALWAYS_SEARCH_USER_PATHS = NO;
				CLANG_ANALYZER_NONNULL = YES;
				CLANG_ANALYZER_NUMBER_OBJECT_CONVERSION = YES_AGGRESSIVE;
				CLANG_CXX_LANGUAGE_STANDARD = "gnu++20";
				CLANG_ENABLE_MODULES = YES;
				CLANG_ENABLE_OBJC_ARC = YES;
				CLANG_ENABLE_OBJC_WEAK = YES;
				CLANG_WARN_BLOCK_CAPTURE_AUTORELEASING = YES;
				CLANG_WARN_BOOL_CONVERSION = YES;
				CLANG_WARN_COMMA = YES;
				CLANG_WARN_CONSTANT_CONVERSION = YES;
				CLANG_WARN_DEPRECATED_OBJC_IMPLEMENTATIONS = YES;
				CLANG_WARN_DIRECT_OBJC_ISA_USAGE = YES_ERROR;
				CLANG_WARN_DOCUMENTATION_COMMENTS = YES;
				CLANG_WARN_EMPTY_BODY = YES;
				CLANG_WARN_ENUM_CONVERSION = YES;
				CLANG_WARN_INFINITE_RECURSION = YES;
				CLANG_WARN_INT_CONVERSION = YES;
				CLANG_WARN_NON_LITERAL_NULL_CONVERSION = YES;
				CLANG_WARN_OBJC_IMPLICIT_RETAIN_SELF = YES;
				CLANG_WARN_OBJC_LITERAL_CONVERSION = YES;
				CLANG_WARN_OBJC_ROOT_CLASS = YES_ERROR;
				CLANG_WARN_QUOTED_INCLUDE_IN_FRAMEWORK_HEADER = YES;
				CLANG_WARN_RANGE_LOOP_ANALYSIS = YES;
				CLANG_WARN_STRICT_PROTOTYPES = YES;
				CLANG_WARN_SUSPICIOUS_MOVE = YES;
				CLANG_WARN_UNGUARDED_AVAILABILITY = YES_AGGRESSIVE;
				CLANG_WARN_UNREACHABLE_CODE = YES;
				CLANG_WARN__DUPLICATE_METHOD_MATCH = YES;
				COPY_PHASE_STRIP = NO;
				DEBUG_INFORMATION_FORMAT = dwarf;
				ENABLE_STRICT_OBJC_MSGSEND = YES;
				ENABLE_TESTABILITY = YES;
				GCC_C_LANGUAGE_STANDARD = gnu11;
				GCC_DYNAMIC_NO_PIC = NO;
				GCC_NO_COMMON_BLOCKS = YES;
				GCC_OPTIMIZATION_LEVEL = 0;
				GCC_PREPROCESSOR_DEFINITIONS = (
					"DEBUG=1",
					"$(inherited)",
				);
				GCC_WARN_64_TO_32_BIT_CONVERSION = YES;
				GCC_WARN_ABOUT_RETURN_TYPE = YES_ERROR;
				GCC_WARN_UNDECLARED_SELECTOR = YES;
				GCC_WARN_UNINITIALIZED_AUTOS = YES_AGGRESSIVE;
				GCC_WARN_UNUSED_FUNCTION = YES;
				GCC_WARN_UNUSED_VARIABLE = YES;
				IPHONEOS_DEPLOYMENT_TARGET = 16.2;
				MTL_ENABLE_DEBUG_INFO = INCLUDE_SOURCE;
				MTL_FAST_MATH = YES;
				ONLY_ACTIVE_ARCH = YES;
				SDKROOT = iphoneos;
				SWIFT_ACTIVE_COMPILATION_CONDITIONS = DEBUG;
				SWIFT_OPTIMIZATION_LEVEL = "-Onone";
			};
			name = Debug;
		};
		299ACFD02A193E0E003A7AFE /* Release */ = {
			isa = XCBuildConfiguration;
			buildSettings = {
				ALWAYS_SEARCH_USER_PATHS = NO;
				CLANG_ANALYZER_NONNULL = YES;
				CLANG_ANALYZER_NUMBER_OBJECT_CONVERSION = YES_AGGRESSIVE;
				CLANG_CXX_LANGUAGE_STANDARD = "gnu++20";
				CLANG_ENABLE_MODULES = YES;
				CLANG_ENABLE_OBJC_ARC = YES;
				CLANG_ENABLE_OBJC_WEAK = YES;
				CLANG_WARN_BLOCK_CAPTURE_AUTORELEASING = YES;
				CLANG_WARN_BOOL_CONVERSION = YES;
				CLANG_WARN_COMMA = YES;
				CLANG_WARN_CONSTANT_CONVERSION = YES;
				CLANG_WARN_DEPRECATED_OBJC_IMPLEMENTATIONS = YES;
				CLANG_WARN_DIRECT_OBJC_ISA_USAGE = YES_ERROR;
				CLANG_WARN_DOCUMENTATION_COMMENTS = YES;
				CLANG_WARN_EMPTY_BODY = YES;
				CLANG_WARN_ENUM_CONVERSION = YES;
				CLANG_WARN_INFINITE_RECURSION = YES;
				CLANG_WARN_INT_CONVERSION = YES;
				CLANG_WARN_NON_LITERAL_NULL_CONVERSION = YES;
				CLANG_WARN_OBJC_IMPLICIT_RETAIN_SELF = YES;
				CLANG_WARN_OBJC_LITERAL_CONVERSION = YES;
				CLANG_WARN_OBJC_ROOT_CLASS = YES_ERROR;
				CLANG_WARN_QUOTED_INCLUDE_IN_FRAMEWORK_HEADER = YES;
				CLANG_WARN_RANGE_LOOP_ANALYSIS = YES;
				CLANG_WARN_STRICT_PROTOTYPES = YES;
				CLANG_WARN_SUSPICIOUS_MOVE = YES;
				CLANG_WARN_UNGUARDED_AVAILABILITY = YES_AGGRESSIVE;
				CLANG_WARN_UNREACHABLE_CODE = YES;
				CLANG_WARN__DUPLICATE_METHOD_MATCH = YES;
				COPY_PHASE_STRIP = NO;
				DEBUG_INFORMATION_FORMAT = "dwarf-with-dsym";
				ENABLE_NS_ASSERTIONS = NO;
				ENABLE_STRICT_OBJC_MSGSEND = YES;
				GCC_C_LANGUAGE_STANDARD = gnu11;
				GCC_NO_COMMON_BLOCKS = YES;
				GCC_WARN_64_TO_32_BIT_CONVERSION = YES;
				GCC_WARN_ABOUT_RETURN_TYPE = YES_ERROR;
				GCC_WARN_UNDECLARED_SELECTOR = YES;
				GCC_WARN_UNINITIALIZED_AUTOS = YES_AGGRESSIVE;
				GCC_WARN_UNUSED_FUNCTION = YES;
				GCC_WARN_UNUSED_VARIABLE = YES;
				IPHONEOS_DEPLOYMENT_TARGET = 16.2;
				MTL_ENABLE_DEBUG_INFO = NO;
				MTL_FAST_MATH = YES;
				SDKROOT = iphoneos;
				SWIFT_COMPILATION_MODE = wholemodule;
				SWIFT_OPTIMIZATION_LEVEL = "-O";
				VALIDATE_PRODUCT = YES;
			};
			name = Release;
		};
		299ACFD22A193E0E003A7AFE /* Debug */ = {
			isa = XCBuildConfiguration;
			buildSettings = {
				ASSETCATALOG_COMPILER_APPICON_NAME = AppIcon;
				ASSETCATALOG_COMPILER_GLOBAL_ACCENT_COLOR_NAME = AccentColor;
				CODE_SIGN_STYLE = Automatic;
				CURRENT_PROJECT_VERSION = 1;
				DEVELOPMENT_ASSET_PATHS = "\"TwoD Search/Preview Content\"";
				DEVELOPMENT_TEAM = N7C7WD4Q8Z;
				ENABLE_PREVIEWS = YES;
				GENERATE_INFOPLIST_FILE = YES;
				INFOPLIST_KEY_UIApplicationSceneManifest_Generation = YES;
				INFOPLIST_KEY_UIApplicationSupportsIndirectInputEvents = YES;
				INFOPLIST_KEY_UILaunchScreen_Generation = YES;
				INFOPLIST_KEY_UISupportedInterfaceOrientations_iPad = "UIInterfaceOrientationPortrait UIInterfaceOrientationPortraitUpsideDown UIInterfaceOrientationLandscapeLeft UIInterfaceOrientationLandscapeRight";
				INFOPLIST_KEY_UISupportedInterfaceOrientations_iPhone = "UIInterfaceOrientationPortrait UIInterfaceOrientationLandscapeLeft UIInterfaceOrientationLandscapeRight";
				LD_RUNPATH_SEARCH_PATHS = (
					"$(inherited)",
					"@executable_path/Frameworks",
				);
				MARKETING_VERSION = 1.0;
				PRODUCT_BUNDLE_IDENTIFIER = "com.oddinstitute.TwoD-Search";
				PRODUCT_NAME = "$(TARGET_NAME)";
				SWIFT_EMIT_LOC_STRINGS = YES;
				SWIFT_VERSION = 5.0;
				TARGETED_DEVICE_FAMILY = "1,2";
			};
			name = Debug;
		};
		299ACFD32A193E0E003A7AFE /* Release */ = {
			isa = XCBuildConfiguration;
			buildSettings = {
				ASSETCATALOG_COMPILER_APPICON_NAME = AppIcon;
				ASSETCATALOG_COMPILER_GLOBAL_ACCENT_COLOR_NAME = AccentColor;
				CODE_SIGN_STYLE = Automatic;
				CURRENT_PROJECT_VERSION = 1;
				DEVELOPMENT_ASSET_PATHS = "\"TwoD Search/Preview Content\"";
				DEVELOPMENT_TEAM = N7C7WD4Q8Z;
				ENABLE_PREVIEWS = YES;
				GENERATE_INFOPLIST_FILE = YES;
				INFOPLIST_KEY_UIApplicationSceneManifest_Generation = YES;
				INFOPLIST_KEY_UIApplicationSupportsIndirectInputEvents = YES;
				INFOPLIST_KEY_UILaunchScreen_Generation = YES;
				INFOPLIST_KEY_UISupportedInterfaceOrientations_iPad = "UIInterfaceOrientationPortrait UIInterfaceOrientationPortraitUpsideDown UIInterfaceOrientationLandscapeLeft UIInterfaceOrientationLandscapeRight";
				INFOPLIST_KEY_UISupportedInterfaceOrientations_iPhone = "UIInterfaceOrientationPortrait UIInterfaceOrientationLandscapeLeft UIInterfaceOrientationLandscapeRight";
				LD_RUNPATH_SEARCH_PATHS = (
					"$(inherited)",
					"@executable_path/Frameworks",
				);
				MARKETING_VERSION = 1.0;
				PRODUCT_BUNDLE_IDENTIFIER = "com.oddinstitute.TwoD-Search";
				PRODUCT_NAME = "$(TARGET_NAME)";
				SWIFT_EMIT_LOC_STRINGS = YES;
				SWIFT_VERSION = 5.0;
				TARGETED_DEVICE_FAMILY = "1,2";
			};
			name = Release;
		};
/* End XCBuildConfiguration section */

/* Begin XCConfigurationList section */
		299ACFBE2A193E0D003A7AFE /* Build configuration list for PBXProject "TwoD Search" */ = {
			isa = XCConfigurationList;
			buildConfigurations = (
				299ACFCF2A193E0E003A7AFE /* Debug */,
				299ACFD02A193E0E003A7AFE /* Release */,
			);
			defaultConfigurationIsVisible = 0;
			defaultConfigurationName = Release;
		};
		299ACFD12A193E0E003A7AFE /* Build configuration list for PBXNativeTarget "TwoD Search" */ = {
			isa = XCConfigurationList;
			buildConfigurations = (
				299ACFD22A193E0E003A7AFE /* Debug */,
				299ACFD32A193E0E003A7AFE /* Release */,
			);
			defaultConfigurationIsVisible = 0;
			defaultConfigurationName = Release;
		};
/* End XCConfigurationList section */
	};
	rootObject = 299ACFBB2A193E0D003A7AFE /* Project object */;
}
